
Microsoft Visual Studio Solution File, Format Version 12.00
# Visual Studio Version 17
VisualStudioVersion = 17.12.35527.113
MinimumVisualStudioVersion = 10.0.40219.1
Project("{FAE04EC0-301F-11D3-BF4B-00C04F79EFBC}") = "MyShop", "MyShop.csproj", "{1115DA84-979A-4DD3-B247-CF7E77172E30}"
EndProject
Project("{FAE04EC0-301F-11D3-BF4B-00C04F79EFBC}") = "PostgreSQL", "..\PostgreSQL\PostgreSQL.csproj", "{0B48E3BC-A7F6-4C1A-8612-D788E4709727}"
EndProject
Global
	GlobalSection(SolutionConfigurationPlatforms) = preSolution
		Debug|Any CPU = Debug|Any CPU
		Release|Any CPU = Release|Any CPU
	EndGlobalSection
	GlobalSection(ProjectConfigurationPlatforms) = postSolution
		{1115DA84-979A-4DD3-B247-CF7E77172E30}.Debug|Any CPU.ActiveCfg = Debug|Any CPU
		{1115DA84-979A-4DD3-B247-CF7E77172E30}.Debug|Any CPU.Build.0 = Debug|Any CPU
		{1115DA84-979A-4DD3-B247-CF7E77172E30}.Release|Any CPU.ActiveCfg = Release|Any CPU
		{1115DA84-979A-4DD3-B247-CF7E77172E30}.Release|Any CPU.Build.0 = Release|Any CPU
		{0B48E3BC-A7F6-4C1A-8612-D788E4709727}.Debug|Any CPU.ActiveCfg = Debug|Any CPU
		{0B48E3BC-A7F6-4C1A-8612-D788E4709727}.Debug|Any CPU.Build.0 = Debug|Any CPU
		{0B48E3BC-A7F6-4C1A-8612-D788E4709727}.Release|Any CPU.ActiveCfg = Release|Any CPU
		{0B48E3BC-A7F6-4C1A-8612-D788E4709727}.Release|Any CPU.Build.0 = Release|Any CPU
	EndGlobalSection
	GlobalSection(SolutionProperties) = preSolution
		HideSolutionNode = FALSE
	EndGlobalSection
EndGlobal
